
Microsoft Visual Studio Solution File, Format Version 12.00
# Visual Studio Version 16
VisualStudioVersion = 16.0.30621.155
MinimumVisualStudioVersion = 10.0.40219.1
Project("{9A19103F-16F7-4668-BE54-9A1E7A4F7556}") = "Ncodi", "Pital\Ncodi.csproj", "{9A284A87-3710-4871-8C8B-59FEAB162BF9}"
EndProject
Project("{9A19103F-16F7-4668-BE54-9A1E7A4F7556}") = "Ni", "Pc\Ni.csproj", "{87741BC2-E4C7-471C-B79B-EC078E41DE48}"
EndProject
Project("{9A19103F-16F7-4668-BE54-9A1E7A4F7556}") = "Ncodi.Test", "Pital.Test\Ncodi.Test.csproj", "{4B9FFBE8-29C1-49A0-827D-DDA58CBCFB56}"
EndProject
Global
	GlobalSection(SolutionConfigurationPlatforms) = preSolution
		Debug|Any CPU = Debug|Any CPU
		Release|Any CPU = Release|Any CPU
	EndGlobalSection
	GlobalSection(ProjectConfigurationPlatforms) = postSolution
		{9A284A87-3710-4871-8C8B-59FEAB162BF9}.Debug|Any CPU.ActiveCfg = Debug|Any CPU
		{9A284A87-3710-4871-8C8B-59FEAB162BF9}.Debug|Any CPU.Build.0 = Debug|Any CPU
		{9A284A87-3710-4871-8C8B-59FEAB162BF9}.Release|Any CPU.ActiveCfg = Release|Any CPU
		{9A284A87-3710-4871-8C8B-59FEAB162BF9}.Release|Any CPU.Build.0 = Release|Any CPU
		{87741BC2-E4C7-471C-B79B-EC078E41DE48}.Debug|Any CPU.ActiveCfg = Debug|Any CPU
		{87741BC2-E4C7-471C-B79B-EC078E41DE48}.Debug|Any CPU.Build.0 = Debug|Any CPU
		{87741BC2-E4C7-471C-B79B-EC078E41DE48}.Release|Any CPU.ActiveCfg = Release|Any CPU
		{87741BC2-E4C7-471C-B79B-EC078E41DE48}.Release|Any CPU.Build.0 = Release|Any CPU
		{4B9FFBE8-29C1-49A0-827D-DDA58CBCFB56}.Debug|Any CPU.ActiveCfg = Debug|Any CPU
		{4B9FFBE8-29C1-49A0-827D-DDA58CBCFB56}.Debug|Any CPU.Build.0 = Debug|Any CPU
		{4B9FFBE8-29C1-49A0-827D-DDA58CBCFB56}.Release|Any CPU.ActiveCfg = Release|Any CPU
		{4B9FFBE8-29C1-49A0-827D-DDA58CBCFB56}.Release|Any CPU.Build.0 = Release|Any CPU
	EndGlobalSection
	GlobalSection(SolutionProperties) = preSolution
		HideSolutionNode = FALSE
	EndGlobalSection
	GlobalSection(ExtensibilityGlobals) = postSolution
		SolutionGuid = {8527A641-3079-41E3-ACEA-E3792288935C}
	EndGlobalSection
EndGlobal
